
Microsoft Visual Studio Solution File, Format Version 12.00
# Visual Studio Version 16
VisualStudioVersion = 16.0.30413.136
MinimumVisualStudioVersion = 10.0.40219.1
Project("{9A19103F-16F7-4668-BE54-9A1E7A4F7556}") = "GraphQL.DataAccess", "GraphQL.DataAccess\GraphQL.DataAccess.csproj", "{465F26FD-0377-40F1-9301-7F833D672096}"
EndProject
Project("{9A19103F-16F7-4668-BE54-9A1E7A4F7556}") = "GraphQL.Api", "..\GraphQL.Api\GraphQL.Api.csproj", "{9DD8E333-EE96-4FB9-8846-8C1AF1943658}"
EndProject
Project("{9A19103F-16F7-4668-BE54-9A1E7A4F7556}") = "GraphQL.Model", "..\GraphQL.Model\GraphQL.Model.csproj", "{31EAC483-9AAE-4652-9EFE-C3EBE81E76C8}"
EndProject
Project("{9A19103F-16F7-4668-BE54-9A1E7A4F7556}") = "GraphQL.BusinessManager", "..\GraphQL.BusinessManager\GraphQL.BusinessManager.csproj", "{01C4BEBE-0C89-421F-B904-307E284A2860}"
EndProject
Project("{FAE04EC0-301F-11D3-BF4B-00C04F79EFBC}") = "GraphQL.ConsumerApp", "..\GraphQL.ConsumerApp\GraphQL.ConsumerApp.csproj", "{F5A948A4-7183-4C24-8C60-BE5B4B7FB24A}"
EndProject
Global
	GlobalSection(SolutionConfigurationPlatforms) = preSolution
		Debug|Any CPU = Debug|Any CPU
		Release|Any CPU = Release|Any CPU
	EndGlobalSection
	GlobalSection(ProjectConfigurationPlatforms) = postSolution
		{465F26FD-0377-40F1-9301-7F833D672096}.Debug|Any CPU.ActiveCfg = Debug|Any CPU
		{465F26FD-0377-40F1-9301-7F833D672096}.Debug|Any CPU.Build.0 = Debug|Any CPU
		{465F26FD-0377-40F1-9301-7F833D672096}.Release|Any CPU.ActiveCfg = Release|Any CPU
		{465F26FD-0377-40F1-9301-7F833D672096}.Release|Any CPU.Build.0 = Release|Any CPU
		{9DD8E333-EE96-4FB9-8846-8C1AF1943658}.Debug|Any CPU.ActiveCfg = Debug|Any CPU
		{9DD8E333-EE96-4FB9-8846-8C1AF1943658}.Debug|Any CPU.Build.0 = Debug|Any CPU
		{9DD8E333-EE96-4FB9-8846-8C1AF1943658}.Release|Any CPU.ActiveCfg = Release|Any CPU
		{9DD8E333-EE96-4FB9-8846-8C1AF1943658}.Release|Any CPU.Build.0 = Release|Any CPU
		{31EAC483-9AAE-4652-9EFE-C3EBE81E76C8}.Debug|Any CPU.ActiveCfg = Debug|Any CPU
		{31EAC483-9AAE-4652-9EFE-C3EBE81E76C8}.Debug|Any CPU.Build.0 = Debug|Any CPU
		{31EAC483-9AAE-4652-9EFE-C3EBE81E76C8}.Release|Any CPU.ActiveCfg = Release|Any CPU
		{31EAC483-9AAE-4652-9EFE-C3EBE81E76C8}.Release|Any CPU.Build.0 = Release|Any CPU
		{01C4BEBE-0C89-421F-B904-307E284A2860}.Debug|Any CPU.ActiveCfg = Debug|Any CPU
		{01C4BEBE-0C89-421F-B904-307E284A2860}.Debug|Any CPU.Build.0 = Debug|Any CPU
		{01C4BEBE-0C89-421F-B904-307E284A2860}.Release|Any CPU.ActiveCfg = Release|Any CPU
		{01C4BEBE-0C89-421F-B904-307E284A2860}.Release|Any CPU.Build.0 = Release|Any CPU
		{F5A948A4-7183-4C24-8C60-BE5B4B7FB24A}.Debug|Any CPU.ActiveCfg = Debug|Any CPU
		{F5A948A4-7183-4C24-8C60-BE5B4B7FB24A}.Debug|Any CPU.Build.0 = Debug|Any CPU
		{F5A948A4-7183-4C24-8C60-BE5B4B7FB24A}.Release|Any CPU.ActiveCfg = Release|Any CPU
		{F5A948A4-7183-4C24-8C60-BE5B4B7FB24A}.Release|Any CPU.Build.0 = Release|Any CPU
	EndGlobalSection
	GlobalSection(SolutionProperties) = preSolution
		HideSolutionNode = FALSE
	EndGlobalSection
	GlobalSection(ExtensibilityGlobals) = postSolution
		SolutionGuid = {2D1ABADC-D5D5-480A-874A-B3E4CD512A01}
	EndGlobalSection
EndGlobal
